
Microsoft Visual Studio Solution File, Format Version 12.00
# Visual Studio Version 17
VisualStudioVersion = 17.1.32328.378
MinimumVisualStudioVersion = 10.0.40219.1
Project("{8BC9CEB8-8B4A-11D0-8D11-00A0C91BC942}") = "American_Flag", "American_Flag\American_Flag.vcxproj", "{4EDD4843-27F9-4229-BA1F-DF984BD085C7}"
EndProject
Global
	GlobalSection(SolutionConfigurationPlatforms) = preSolution
		Debug|x64 = Debug|x64
		Debug|x86 = Debug|x86
		Release|x64 = Release|x64
		Release|x86 = Release|x86
	EndGlobalSection
	GlobalSection(ProjectConfigurationPlatforms) = postSolution
		{4EDD4843-27F9-4229-BA1F-DF984BD085C7}.Debug|x64.ActiveCfg = Debug|x64
		{4EDD4843-27F9-4229-BA1F-DF984BD085C7}.Debug|x64.Build.0 = Debug|x64
		{4EDD4843-27F9-4229-BA1F-DF984BD085C7}.Debug|x86.ActiveCfg = Debug|Win32
		{4EDD4843-27F9-4229-BA1F-DF984BD085C7}.Debug|x86.Build.0 = Debug|Win32
		{4EDD4843-27F9-4229-BA1F-DF984BD085C7}.Release|x64.ActiveCfg = Release|x64
		{4EDD4843-27F9-4229-BA1F-DF984BD085C7}.Release|x64.Build.0 = Release|x64
		{4EDD4843-27F9-4229-BA1F-DF984BD085C7}.Release|x86.ActiveCfg = Release|Win32
		{4EDD4843-27F9-4229-BA1F-DF984BD085C7}.Release|x86.Build.0 = Release|Win32
	EndGlobalSection
	GlobalSection(SolutionProperties) = preSolution
		HideSolutionNode = FALSE
	EndGlobalSection
	GlobalSection(ExtensibilityGlobals) = postSolution
		SolutionGuid = {4CF13C24-AE42-4E82-87D4-AB8AE74A20C8}
	EndGlobalSection
EndGlobal
